
Microsoft Visual Studio Solution File, Format Version 12.00
# Visual Studio Version 17
VisualStudioVersion = 17.14.36414.22 d17.14
MinimumVisualStudioVersion = 10.0.40219.1
Project("{FAE04EC0-301F-11D3-BF4B-00C04F79EFBC}") = "Btth3", "Btth3.csproj", "{FECAD112-5E26-4BDB-8E2D-3609FE4B654A}"
EndProject
Global
	GlobalSection(SolutionConfigurationPlatforms) = preSolution
		Debug|Any CPU = Debug|Any CPU
		Release|Any CPU = Release|Any CPU
	EndGlobalSection
	GlobalSection(ProjectConfigurationPlatforms) = postSolution
		{FECAD112-5E26-4BDB-8E2D-3609FE4B654A}.Debug|Any CPU.ActiveCfg = Debug|Any CPU
		{FECAD112-5E26-4BDB-8E2D-3609FE4B654A}.Debug|Any CPU.Build.0 = Debug|Any CPU
		{FECAD112-5E26-4BDB-8E2D-3609FE4B654A}.Release|Any CPU.ActiveCfg = Release|Any CPU
		{FECAD112-5E26-4BDB-8E2D-3609FE4B654A}.Release|Any CPU.Build.0 = Release|Any CPU
	EndGlobalSection
	GlobalSection(SolutionProperties) = preSolution
		HideSolutionNode = FALSE
	EndGlobalSection
	GlobalSection(ExtensibilityGlobals) = postSolution
		SolutionGuid = {A66BFE84-5BFB-49B0-98FD-07EE433B9781}
	EndGlobalSection
EndGlobal
